{
  "version": 4,
  "terraform_version": "1.3.7",
  "serial": 25,
  "lineage": "cdad8fbf-3136-9151-3ce4-2949dba463c9",
  "outputs": {},
  "resources": [
    {
      "module": "module.k3s.module.infra",
      "mode": "data",
      "type": "hcloud_location",
      "name": "loc",
      "provider": "provider[\"registry.terraform.io/hetznercloud/hcloud\"]",
      "instances": [
        {
          "schema_version": 0,
          "attributes": {
            "city": "Nuremberg",
            "country": "DE",
            "description": "Nuremberg DC Park 1",
            "id": 2,
            "latitude": 49.452102,
            "longitude": 11.076665,
            "name": "nbg1",
            "network_zone": "eu-central"
          },
          "sensitive_attributes": []
        }
      ]
    },
    {
      "module": "module.k3s.module.infra",
      "mode": "managed",
      "type": "hcloud_firewall",
      "name": "default_firewall",
      "provider": "provider[\"registry.terraform.io/hetznercloud/hcloud\"]",
      "instances": [
        {
          "schema_version": 0,
          "attributes": {
            "apply_to": [],
            "id": "685903",
            "labels": {},
            "name": "bernd-firewall",
            "rule": [
              {
                "description": "allow all TCP on internal network",
                "destination_ips": [],
                "direction": "in",
                "port": "any",
                "protocol": "tcp",
                "source_ips": [
                  "10.0.0.0/16"
                ]
              },
              {
                "description": "allow all UDP on internal network",
                "destination_ips": [],
                "direction": "in",
                "port": "any",
                "protocol": "udp",
                "source_ips": [
                  "10.0.0.0/16"
                ]
              },
              {
                "description": "allow icmp (ping)",
                "destination_ips": [],
                "direction": "in",
                "port": "",
                "protocol": "icmp",
                "source_ips": [
                  "0.0.0.0/0",
                  "::/0"
                ]
              },
              {
                "description": "allow ssh access",
                "destination_ips": [],
                "direction": "in",
                "port": "22",
                "protocol": "tcp",
                "source_ips": [
                  "0.0.0.0/0",
                  "::/0"
                ]
              }
            ]
          },
          "sensitive_attributes": [],
          "private": "bnVsbA=="
        }
      ]
    },
    {
      "module": "module.k3s.module.infra",
      "mode": "managed",
      "type": "hcloud_load_balancer",
      "name": "api_load_balancer",
      "provider": "provider[\"registry.terraform.io/hetznercloud/hcloud\"]",
      "instances": [
        {
          "schema_version": 0,
          "attributes": {
            "algorithm": [
              {
                "type": "round_robin"
              }
            ],
            "delete_protection": false,
            "id": "1047344",
            "ipv4": "167.235.109.170",
            "ipv6": "2a01:4f8:1c1d:3bd::1",
            "labels": {},
            "load_balancer_type": "lb11",
            "location": "nbg1",
            "name": "bernd-api-lb",
            "network_id": null,
            "network_ip": null,
            "network_zone": "eu-central",
            "target": []
          },
          "sensitive_attributes": [],
          "private": "bnVsbA=="
        }
      ]
    },
    {
      "module": "module.k3s.module.infra",
      "mode": "managed",
      "type": "hcloud_load_balancer_network",
      "name": "srvnetwork",
      "provider": "provider[\"registry.terraform.io/hetznercloud/hcloud\"]",
      "instances": [
        {
          "schema_version": 0,
          "attributes": {
            "enable_public_interface": true,
            "id": "1047344-2425601",
            "ip": "10.0.0.5",
            "load_balancer_id": 1047344,
            "network_id": 2425601,
            "subnet_id": null
          },
          "sensitive_attributes": [],
          "private": "bnVsbA==",
          "dependencies": [
            "module.k3s.module.infra.hcloud_load_balancer.api_load_balancer",
            "module.k3s.module.infra.hcloud_network.network"
          ]
        }
      ]
    },
    {
      "module": "module.k3s.module.infra",
      "mode": "managed",
      "type": "hcloud_load_balancer_service",
      "name": "load_balancer_service",
      "provider": "provider[\"registry.terraform.io/hetznercloud/hcloud\"]",
      "instances": [
        {
          "schema_version": 0,
          "attributes": {
            "destination_port": 6443,
            "health_check": [
              {
                "http": [],
                "interval": 15,
                "port": 6443,
                "protocol": "tcp",
                "retries": 3,
                "timeout": 10
              }
            ],
            "http": null,
            "id": "1047344__6443",
            "listen_port": 6443,
            "load_balancer_id": "1047344",
            "protocol": "tcp",
            "proxyprotocol": false
          },
          "sensitive_attributes": [],
          "private": "bnVsbA==",
          "dependencies": [
            "module.k3s.module.infra.hcloud_load_balancer.api_load_balancer"
          ]
        }
      ]
    },
    {
      "module": "module.k3s.module.infra",
      "mode": "managed",
      "type": "hcloud_load_balancer_target",
      "name": "api_load_balancer_target",
      "provider": "provider[\"registry.terraform.io/hetznercloud/hcloud\"]",
      "instances": [
        {
          "schema_version": 0,
          "attributes": {
            "id": "lb-label-selector-tgt-8740ce36df3d5ad59bc642e6b65e629dcb0149254eb06c3e97bfe176fbd7485b-1047344",
            "ip": null,
            "label_selector": "node-type=bernd-main",
            "load_balancer_id": 1047344,
            "server_id": null,
            "type": "label_selector",
            "use_private_ip": true
          },
          "sensitive_attributes": [],
          "private": "bnVsbA==",
          "dependencies": [
            "module.k3s.module.infra.hcloud_load_balancer.api_load_balancer",
            "module.k3s.module.infra.hcloud_load_balancer_network.srvnetwork",
            "module.k3s.module.infra.hcloud_network.network"
          ]
        }
      ]
    },
    {
      "module": "module.k3s.module.infra",
      "mode": "managed",
      "type": "hcloud_network",
      "name": "network",
      "provider": "provider[\"registry.terraform.io/hetznercloud/hcloud\"]",
      "instances": [
        {
          "schema_version": 0,
          "attributes": {
            "delete_protection": false,
            "id": "2425601",
            "ip_range": "10.0.0.0/16",
            "labels": null,
            "name": "bernd-net"
          },
          "sensitive_attributes": [],
          "private": "bnVsbA=="
        }
      ]
    },
    {
      "module": "module.k3s.module.infra",
      "mode": "managed",
      "type": "hcloud_network_subnet",
      "name": "network-subnet",
      "provider": "provider[\"registry.terraform.io/hetznercloud/hcloud\"]",
      "instances": [
        {
          "schema_version": 0,
          "attributes": {
            "gateway": "10.0.0.1",
            "id": "2425601-10.0.0.0/16",
            "ip_range": "10.0.0.0/16",
            "network_id": 2425601,
            "network_zone": "eu-central",
            "type": "cloud",
            "vswitch_id": null
          },
          "sensitive_attributes": [],
          "private": "bnVsbA==",
          "dependencies": [
            "module.k3s.module.infra.data.hcloud_location.loc",
            "module.k3s.module.infra.hcloud_network.network"
          ]
        }
      ]
    },
    {
      "module": "module.k3s.module.infra",
      "mode": "managed",
      "type": "hcloud_placement_group",
      "name": "main",
      "provider": "provider[\"registry.terraform.io/hetznercloud/hcloud\"]",
      "instances": [
        {
          "schema_version": 0,
          "attributes": {
            "id": "116474",
            "labels": null,
            "name": "bernd-main-group",
            "servers": [],
            "type": "spread"
          },
          "sensitive_attributes": [],
          "private": "bnVsbA=="
        }
      ]
    },
    {
      "module": "module.k3s.module.infra",
      "mode": "managed",
      "type": "hcloud_placement_group",
      "name": "worker",
      "provider": "provider[\"registry.terraform.io/hetznercloud/hcloud\"]",
      "instances": [
        {
          "schema_version": 0,
          "attributes": {
            "id": "116475",
            "labels": null,
            "name": "bernd-worker-group",
            "servers": [],
            "type": "spread"
          },
          "sensitive_attributes": [],
          "private": "bnVsbA=="
        }
      ]
    },
    {
      "module": "module.k3s.module.infra",
      "mode": "managed",
      "type": "hcloud_server",
      "name": "main-node",
      "provider": "provider[\"registry.terraform.io/hetznercloud/hcloud\"]",
      "instances": [
        {
          "index_key": 0,
          "schema_version": 0,
          "attributes": {
            "allow_deprecated_images": false,
            "backup_window": "",
            "backups": false,
            "datacenter": "nbg1-dc3",
            "delete_protection": false,
            "firewall_ids": [
              685903
            ],
            "id": "27810172",
            "ignore_remote_firewall_ids": false,
            "image": "debian-11",
            "ipv4_address": "116.203.230.52",
            "ipv6_address": "2a01:4f8:1c1e:db64::1",
            "ipv6_network": "2a01:4f8:1c1e:db64::/64",
            "iso": null,
            "keep_disk": false,
            "labels": {
              "node-type": "bernd-main"
            },
            "location": "nbg1",
            "name": "bernd-main-0",
            "network": [],
            "placement_group_id": 116474,
            "public_net": [],
            "rebuild_protection": false,
            "rescue": null,
            "server_type": "cx11",
            "ssh_keys": [
              "bernd-ssh"
            ],
            "status": "running",
            "timeouts": null,
            "user_data": "1T0ydPTdZZkOtTodLjveqBHOwf8="
          },
          "sensitive_attributes": [],
          "private": "eyJlMmJmYjczMC1lY2FhLTExZTYtOGY4OC0zNDM2M2JjN2M0YzAiOnsiY3JlYXRlIjo1NDAwMDAwMDAwMDAwfX0=",
          "dependencies": [
            "module.k3s.module.infra.hcloud_firewall.default_firewall",
            "module.k3s.module.infra.hcloud_placement_group.main",
            "module.k3s.module.infra.hcloud_ssh_key.default"
          ]
        }
      ]
    },
    {
      "module": "module.k3s.module.infra",
      "mode": "managed",
      "type": "hcloud_server",
      "name": "worker-node",
      "provider": "provider[\"registry.terraform.io/hetznercloud/hcloud\"]",
      "instances": [
        {
          "index_key": 0,
          "schema_version": 0,
          "attributes": {
            "allow_deprecated_images": false,
            "backup_window": "",
            "backups": false,
            "datacenter": "nbg1-dc3",
            "delete_protection": false,
            "firewall_ids": [
              685903
            ],
            "id": "27810174",
            "ignore_remote_firewall_ids": false,
            "image": "debian-11",
            "ipv4_address": "167.235.73.245",
            "ipv6_address": "2a01:4f8:1c1e:9e1f::1",
            "ipv6_network": "2a01:4f8:1c1e:9e1f::/64",
            "iso": null,
            "keep_disk": false,
            "labels": {
              "node-type": "bernd-worker"
            },
            "location": "nbg1",
            "name": "bernd-worker-0",
            "network": [],
            "placement_group_id": 116475,
            "public_net": [],
            "rebuild_protection": false,
            "rescue": null,
            "server_type": "cx21",
            "ssh_keys": [
              "bernd-ssh"
            ],
            "status": "running",
            "timeouts": null,
            "user_data": "1T0ydPTdZZkOtTodLjveqBHOwf8="
          },
          "sensitive_attributes": [],
          "private": "eyJlMmJmYjczMC1lY2FhLTExZTYtOGY4OC0zNDM2M2JjN2M0YzAiOnsiY3JlYXRlIjo1NDAwMDAwMDAwMDAwfX0=",
          "dependencies": [
            "module.k3s.module.infra.hcloud_firewall.default_firewall",
            "module.k3s.module.infra.hcloud_placement_group.worker",
            "module.k3s.module.infra.hcloud_ssh_key.default"
          ]
        },
        {
          "index_key": 1,
          "schema_version": 0,
          "attributes": {
            "allow_deprecated_images": false,
            "backup_window": "",
            "backups": false,
            "datacenter": "nbg1-dc3",
            "delete_protection": false,
            "firewall_ids": [
              685903
            ],
            "id": "27810173",
            "ignore_remote_firewall_ids": false,
            "image": "debian-11",
            "ipv4_address": "23.88.58.179",
            "ipv6_address": "2a01:4f8:c2c:d99c::1",
            "ipv6_network": "2a01:4f8:c2c:d99c::/64",
            "iso": null,
            "keep_disk": false,
            "labels": {
              "node-type": "bernd-worker"
            },
            "location": "nbg1",
            "name": "bernd-worker-1",
            "network": [],
            "placement_group_id": 116475,
            "public_net": [],
            "rebuild_protection": false,
            "rescue": null,
            "server_type": "cx21",
            "ssh_keys": [
              "bernd-ssh"
            ],
            "status": "running",
            "timeouts": null,
            "user_data": "1T0ydPTdZZkOtTodLjveqBHOwf8="
          },
          "sensitive_attributes": [],
          "private": "eyJlMmJmYjczMC1lY2FhLTExZTYtOGY4OC0zNDM2M2JjN2M0YzAiOnsiY3JlYXRlIjo1NDAwMDAwMDAwMDAwfX0=",
          "dependencies": [
            "module.k3s.module.infra.hcloud_firewall.default_firewall",
            "module.k3s.module.infra.hcloud_placement_group.worker",
            "module.k3s.module.infra.hcloud_ssh_key.default"
          ]
        }
      ]
    },
    {
      "module": "module.k3s.module.infra",
      "mode": "managed",
      "type": "hcloud_server_network",
      "name": "main-node-network",
      "provider": "provider[\"registry.terraform.io/hetznercloud/hcloud\"]",
      "instances": [
        {
          "index_key": 0,
          "schema_version": 0,
          "attributes": {
            "alias_ips": null,
            "id": "27810172-2425601",
            "ip": "10.0.0.10",
            "mac_address": "86:00:00:33:84:f9",
            "network_id": 2425601,
            "server_id": 27810172,
            "subnet_id": null
          },
          "sensitive_attributes": [],
          "private": "bnVsbA==",
          "dependencies": [
            "module.k3s.module.infra.data.hcloud_location.loc",
            "module.k3s.module.infra.hcloud_firewall.default_firewall",
            "module.k3s.module.infra.hcloud_network.network",
            "module.k3s.module.infra.hcloud_network_subnet.network-subnet",
            "module.k3s.module.infra.hcloud_placement_group.main",
            "module.k3s.module.infra.hcloud_server.main-node",
            "module.k3s.module.infra.hcloud_ssh_key.default"
          ]
        }
      ]
    },
    {
      "module": "module.k3s.module.infra",
      "mode": "managed",
      "type": "hcloud_server_network",
      "name": "worker-node-network",
      "provider": "provider[\"registry.terraform.io/hetznercloud/hcloud\"]",
      "instances": [
        {
          "index_key": 0,
          "schema_version": 0,
          "attributes": {
            "alias_ips": null,
            "id": "27810174-2425601",
            "ip": "10.0.0.100",
            "mac_address": "86:00:00:33:84:fa",
            "network_id": 2425601,
            "server_id": 27810174,
            "subnet_id": null
          },
          "sensitive_attributes": [],
          "private": "bnVsbA==",
          "dependencies": [
            "module.k3s.module.infra.data.hcloud_location.loc",
            "module.k3s.module.infra.hcloud_firewall.default_firewall",
            "module.k3s.module.infra.hcloud_network.network",
            "module.k3s.module.infra.hcloud_network_subnet.network-subnet",
            "module.k3s.module.infra.hcloud_placement_group.worker",
            "module.k3s.module.infra.hcloud_server.worker-node",
            "module.k3s.module.infra.hcloud_ssh_key.default"
          ]
        },
        {
          "index_key": 1,
          "schema_version": 0,
          "attributes": {
            "alias_ips": null,
            "id": "27810173-2425601",
            "ip": "10.0.0.101",
            "mac_address": "86:00:00:33:84:fb",
            "network_id": 2425601,
            "server_id": 27810173,
            "subnet_id": null
          },
          "sensitive_attributes": [],
          "private": "bnVsbA==",
          "dependencies": [
            "module.k3s.module.infra.data.hcloud_location.loc",
            "module.k3s.module.infra.hcloud_firewall.default_firewall",
            "module.k3s.module.infra.hcloud_network.network",
            "module.k3s.module.infra.hcloud_network_subnet.network-subnet",
            "module.k3s.module.infra.hcloud_placement_group.worker",
            "module.k3s.module.infra.hcloud_server.worker-node",
            "module.k3s.module.infra.hcloud_ssh_key.default"
          ]
        }
      ]
    },
    {
      "module": "module.k3s.module.infra",
      "mode": "managed",
      "type": "hcloud_ssh_key",
      "name": "default",
      "provider": "provider[\"registry.terraform.io/hetznercloud/hcloud\"]",
      "instances": [
        {
          "schema_version": 0,
          "attributes": {
            "fingerprint": "e0:52:7d:a1:67:5d:49:36:b6:d9:73:63:49:20:2b:12",
            "id": "9805385",
            "labels": null,
            "name": "bernd-ssh",
            "public_key": "ssh-rsa AAAAB3NzaC1yc2EAAAADAQABAAABgQC+NvPE58yskFzQOKCzdE9HlDaVIQPvG4OAyjJqQfTZE2dcRx/n6D0RudST0eDwSZ5F6LZ8jW3qifcF748LNTSrowfH51dJG0r6FJrZPU56U4GLvlPP6fKC9N4rBPnZEPCN9z+R/1qHgtn6S3p1wEQteWBNZxCDHdStmAR+oq2zhdQbqSQc7P/3OnlEzDH5xjtNOdjK7jhLe4Um6Oiw4QhQd5bTVceWmRvx3eslkKOucFZcOiaATGs2toXrFVmDvlfYAVIPytL7zNwsF1/A4gnx2+OWj8Nd4WII2bf649i+c6SPD7rUS5pKQqQFw0PZp5BOMfUDp+JsAMTN79PG275RzatN4KhIgqhXPB3l1CebvkqaRnjcpyM9wlPjKqVBgjsfqkqZ8hZ1F0SSCY8bFyBzSMcjpS+kpi7dLD39yLpGNbdSxj87TGdmL1ukpkNCLZ7x/wn+ElR6Co0SS498Shp9elOPhaGx9cp+d5prVUMHsWDJqAq38s3JBvbCTaSYYbU= andrzej@macbook-esky.local\n"
          },
          "sensitive_attributes": [],
          "private": "bnVsbA=="
        }
      ]
    },
    {
      "module": "module.k3s.module.k3s",
      "mode": "managed",
      "type": "null_resource",
      "name": "ccm",
      "provider": "provider[\"registry.terraform.io/hashicorp/null\"]",
      "instances": [
        {
          "schema_version": 0,
          "attributes": {
            "id": "547682899091145724",
            "triggers": {
              "first_main_ip": "116.203.230.52"
            }
          },
          "sensitive_attributes": [],
          "dependencies": [
            "module.k3s.module.infra.hcloud_firewall.default_firewall",
            "module.k3s.module.infra.hcloud_load_balancer.api_load_balancer",
            "module.k3s.module.infra.hcloud_placement_group.main",
            "module.k3s.module.infra.hcloud_server.main-node",
            "module.k3s.module.infra.hcloud_ssh_key.default",
            "module.k3s.module.k3s.null_resource.cluster_init",
            "module.k3s.module.k3s.random_id.k3s_token"
          ]
        }
      ]
    },
    {
      "module": "module.k3s.module.k3s",
      "mode": "managed",
      "type": "null_resource",
      "name": "cluster_init",
      "provider": "provider[\"registry.terraform.io/hashicorp/null\"]",
      "instances": [
        {
          "schema_version": 0,
          "attributes": {
            "id": "2511668490537234531",
            "triggers": {
              "first_main_ip": "116.203.230.52"
            }
          },
          "sensitive_attributes": [],
          "dependencies": [
            "module.k3s.module.infra.hcloud_firewall.default_firewall",
            "module.k3s.module.infra.hcloud_load_balancer.api_load_balancer",
            "module.k3s.module.infra.hcloud_placement_group.main",
            "module.k3s.module.infra.hcloud_server.main-node",
            "module.k3s.module.infra.hcloud_ssh_key.default",
            "module.k3s.module.k3s.random_id.k3s_token"
          ]
        }
      ]
    },
    {
      "module": "module.k3s.module.k3s",
      "mode": "managed",
      "type": "null_resource",
      "name": "csi",
      "provider": "provider[\"registry.terraform.io/hashicorp/null\"]",
      "instances": [
        {
          "schema_version": 0,
          "attributes": {
            "id": "3794363328096254143",
            "triggers": {
              "first_main_ip": "116.203.230.52"
            }
          },
          "sensitive_attributes": [],
          "dependencies": [
            "module.k3s.module.infra.hcloud_firewall.default_firewall",
            "module.k3s.module.infra.hcloud_load_balancer.api_load_balancer",
            "module.k3s.module.infra.hcloud_placement_group.main",
            "module.k3s.module.infra.hcloud_server.main-node",
            "module.k3s.module.infra.hcloud_ssh_key.default",
            "module.k3s.module.k3s.null_resource.cluster_init",
            "module.k3s.module.k3s.random_id.k3s_token"
          ]
        }
      ]
    },
    {
      "module": "module.k3s.module.k3s",
      "mode": "managed",
      "type": "null_resource",
      "name": "k3s_upgrade",
      "provider": "provider[\"registry.terraform.io/hashicorp/null\"]",
      "instances": [
        {
          "index_key": 0,
          "schema_version": 0,
          "attributes": {
            "id": "6767448203979813247",
            "triggers": {
              "upgrade_k3s": "v1.24.3+k3s1"
            }
          },
          "sensitive_attributes": [],
          "dependencies": [
            "module.k3s.module.infra.hcloud_firewall.default_firewall",
            "module.k3s.module.infra.hcloud_load_balancer.api_load_balancer",
            "module.k3s.module.infra.hcloud_placement_group.main",
            "module.k3s.module.infra.hcloud_server.main-node",
            "module.k3s.module.infra.hcloud_ssh_key.default",
            "module.k3s.module.k3s.null_resource.cluster_init",
            "module.k3s.module.k3s.null_resource.upgrade_controller",
            "module.k3s.module.k3s.random_id.k3s_token"
          ]
        }
      ]
    },
    {
      "module": "module.k3s.module.k3s",
      "mode": "managed",
      "type": "null_resource",
      "name": "upgrade_controller",
      "provider": "provider[\"registry.terraform.io/hashicorp/null\"]",
      "instances": [
        {
          "schema_version": 0,
          "attributes": {
            "id": "5845803381525474460",
            "triggers": {
              "first_main_ip": "116.203.230.52"
            }
          },
          "sensitive_attributes": [],
          "dependencies": [
            "module.k3s.module.infra.hcloud_firewall.default_firewall",
            "module.k3s.module.infra.hcloud_load_balancer.api_load_balancer",
            "module.k3s.module.infra.hcloud_placement_group.main",
            "module.k3s.module.infra.hcloud_server.main-node",
            "module.k3s.module.infra.hcloud_ssh_key.default",
            "module.k3s.module.k3s.null_resource.cluster_init",
            "module.k3s.module.k3s.random_id.k3s_token"
          ]
        }
      ]
    },
    {
      "module": "module.k3s.module.k3s",
      "mode": "managed",
      "type": "null_resource",
      "name": "worker_init",
      "provider": "provider[\"registry.terraform.io/hashicorp/null\"]",
      "instances": [
        {
          "index_key": 0,
          "schema_version": 0,
          "attributes": {
            "id": "7878086097772033791",
            "triggers": {
              "worker_ip": "167.235.73.245"
            }
          },
          "sensitive_attributes": [],
          "dependencies": [
            "module.k3s.module.infra.hcloud_firewall.default_firewall",
            "module.k3s.module.infra.hcloud_load_balancer.api_load_balancer",
            "module.k3s.module.infra.hcloud_placement_group.main",
            "module.k3s.module.infra.hcloud_placement_group.worker",
            "module.k3s.module.infra.hcloud_server.main-node",
            "module.k3s.module.infra.hcloud_server.worker-node",
            "module.k3s.module.infra.hcloud_ssh_key.default",
            "module.k3s.module.k3s.null_resource.cluster_init",
            "module.k3s.module.k3s.random_id.k3s_token"
          ]
        },
        {
          "index_key": 1,
          "schema_version": 0,
          "attributes": {
            "id": "1292293451009958673",
            "triggers": {
              "worker_ip": "23.88.58.179"
            }
          },
          "sensitive_attributes": [],
          "dependencies": [
            "module.k3s.module.infra.hcloud_firewall.default_firewall",
            "module.k3s.module.infra.hcloud_load_balancer.api_load_balancer",
            "module.k3s.module.infra.hcloud_placement_group.main",
            "module.k3s.module.infra.hcloud_placement_group.worker",
            "module.k3s.module.infra.hcloud_server.main-node",
            "module.k3s.module.infra.hcloud_server.worker-node",
            "module.k3s.module.infra.hcloud_ssh_key.default",
            "module.k3s.module.k3s.null_resource.cluster_init",
            "module.k3s.module.k3s.random_id.k3s_token"
          ]
        }
      ]
    },
    {
      "module": "module.k3s.module.k3s",
      "mode": "managed",
      "type": "random_id",
      "name": "k3s_token",
      "provider": "provider[\"registry.terraform.io/hashicorp/random\"]",
      "instances": [
        {
          "schema_version": 0,
          "attributes": {
            "b64_std": "T+gKtgGcHno=",
            "b64_url": "T-gKtgGcHno",
            "byte_length": 8,
            "dec": "5757863900420513402",
            "hex": "4fe80ab6019c1e7a",
            "id": "T-gKtgGcHno",
            "keepers": null,
            "prefix": null
          },
          "sensitive_attributes": []
        }
      ]
    }
  ],
  "check_results": null
}
